<?xml version="1.0" encoding="utf-8"?>
<Project ToolsVersion="4.0" xmlns="http://schemas.microsoft.com/developer/msbuild/2003">
  <ItemGroup>
    <Filter Include="Source Files">
      <UniqueIdentifier>{e1bf7e1a-5ce0-425c-983c-6e90e2d06436}</UniqueIdentifier>
      <Extensions>cpp;c;h</Extensions>
    </Filter>
    <Filter Include="Resource Files">
      <UniqueIdentifier>{34ce0277-dad3-4e41-b54b-274e946af363}</UniqueIdentifier>
      <Extensions>ico;cur;bmp;dlg;rc2;rct;bin;rgs;gif;jpg;jpeg;jpe</Extensions>
    </Filter>
    <Filter Include="Resource Files\Wave Files">
      <UniqueIdentifier>{4b062d25-7c2e-4a2b-b052-3e8c2599b09a}</UniqueIdentifier>
    </Filter>
    <Filter Include="Resource Files\Icon Files">
      <UniqueIdentifier>{01461a00-30ee-4da3-b8e7-df75278689c0}</UniqueIdentifier>
    </Filter>
    <Filter Include="CDDB">
      <UniqueIdentifier>{f6e25bdc-bcb4-47c0-aa59-24d27704f71b}</UniqueIdentifier>
    </Filter>
  </ItemGroup>
  <ItemGroup>
    <ClCompile Include="Log.cpp">
      <Filter>Source Files</Filter>
    </ClCompile>
    <ClCompile Include="MPatchNode.cpp">
      <Filter>Source Files</Filter>
    </ClCompile>
    <ClCompile Include="NewApp.cpp">
      <Filter>Source Files</Filter>
    </ClCompile>
    <ClCompile Include="NewAppDlg.cpp">
      <Filter>Source Files</Filter>
    </ClCompile>
    <ClCompile Include="StdAfx.cpp">
      <Filter>Source Files</Filter>
    </ClCompile>
    <ClCompile Include="CDDB.cpp">
      <Filter>CDDB</Filter>
    </ClCompile>
    <ClCompile Include="CDDBAniBmp.cpp">
      <Filter>CDDB</Filter>
    </ClCompile>
    <ClCompile Include="CDDBButton.cpp">
      <Filter>CDDB</Filter>
    </ClCompile>
    <ClCompile Include="CDDBDialog.cpp">
      <Filter>CDDB</Filter>
    </ClCompile>
    <ClCompile Include="CSound.cpp">
      <Filter>CDDB</Filter>
    </ClCompile>
  </ItemGroup>
  <ItemGroup>
    <ClInclude Include="Log.h">
      <Filter>Source Files</Filter>
    </ClInclude>
    <ClInclude Include="MPatchNode.h">
      <Filter>Source Files</Filter>
    </ClInclude>
    <ClInclude Include="NewApp.h">
      <Filter>Source Files</Filter>
    </ClInclude>
    <ClInclude Include="NewAppDlg.h">
      <Filter>Source Files</Filter>
    </ClInclude>
    <ClInclude Include="StdAfx.h">
      <Filter>Source Files</Filter>
    </ClInclude>
    <ClInclude Include="Resource.h">
      <Filter>Resource Files</Filter>
    </ClInclude>
    <ClInclude Include="CDDB.h">
      <Filter>CDDB</Filter>
    </ClInclude>
    <ClInclude Include="CDDBAniBmp.h">
      <Filter>CDDB</Filter>
    </ClInclude>
    <ClInclude Include="CDDBButton.h">
      <Filter>CDDB</Filter>
    </ClInclude>
    <ClInclude Include="CDDBDialog.h">
      <Filter>CDDB</Filter>
    </ClInclude>
    <ClInclude Include="CSound.h">
      <Filter>CDDB</Filter>
    </ClInclude>
  </ItemGroup>
  <ItemGroup>
    <None Include="res\animation.bmp">
      <Filter>Resource Files</Filter>
    </None>
    <None Include="res\button.bmp">
      <Filter>Resource Files</Filter>
    </None>
    <None Include="res\button_start.bmp">
      <Filter>Resource Files</Filter>
    </None>
    <None Include="res\skin_maindlg.bmp">
      <Filter>Resource Files</Filter>
    </None>
    <None Include="res\skin_popupdlg.bmp">
      <Filter>Resource Files</Filter>
    </None>
    <None Include="res\pushbutton.wav">
      <Filter>Resource Files\Wave Files</Filter>
    </None>
    <None Include="res\icon_mainframe.ico">
      <Filter>Resource Files\Icon Files</Filter>
    </None>
  </ItemGroup>
  <ItemGroup>
    <ResourceCompile Include="NewApp.rc">
      <Filter>Resource Files</Filter>
    </ResourceCompile>
  </ItemGroup>
</Project>