<?xml version="1.0" encoding="utf-8"?>
<Project ToolsVersion="4.0" xmlns="http://schemas.microsoft.com/developer/msbuild/2003">
  <ItemGroup>
    <Filter Include="Doc">
      <UniqueIdentifier>{eee824e0-120f-4647-b654-bf134f345b03}</UniqueIdentifier>
    </Filter>
    <Filter Include="Command">
      <UniqueIdentifier>{ae29f29f-1a2b-4829-a293-4193d72c2d76}</UniqueIdentifier>
    </Filter>
    <Filter Include="Map">
      <UniqueIdentifier>{7c8622a5-2783-4dd0-8923-bff6ffb27196}</UniqueIdentifier>
    </Filter>
    <Filter Include="MUID">
      <UniqueIdentifier>{958472af-ab31-4d57-a0e6-2b86b17d43c4}</UniqueIdentifier>
    </Filter>
    <Filter Include="Object">
      <UniqueIdentifier>{f3cd8c5a-22bd-49fb-b0da-9a0ffe1f83e4}</UniqueIdentifier>
    </Filter>
    <Filter Include="SharedCommand">
      <UniqueIdentifier>{9c6fb306-22d3-41e0-a606-01951013f986}</UniqueIdentifier>
    </Filter>
    <Filter Include="Master">
      <UniqueIdentifier>{f7f49c58-54c1-4045-8fa2-807161aba76f}</UniqueIdentifier>
    </Filter>
    <Filter Include="Client">
      <UniqueIdentifier>{c7af85be-652b-4136-a967-d29ab25a56ee}</UniqueIdentifier>
    </Filter>
    <Filter Include="Server">
      <UniqueIdentifier>{d89fb7b3-68dc-486e-b21c-4fbc93d6f44a}</UniqueIdentifier>
    </Filter>
    <Filter Include="IOCPNet">
      <UniqueIdentifier>{d247cd3f-b539-48fc-afe1-3919cf68edc2}</UniqueIdentifier>
    </Filter>
    <Filter Include="Packet">
      <UniqueIdentifier>{84ced078-1b3d-4370-8075-1dea174ef503}</UniqueIdentifier>
    </Filter>
    <Filter Include="MatchServer">
      <UniqueIdentifier>{e6cc0bec-a9c2-4842-aea2-d31d959ac165}</UniqueIdentifier>
    </Filter>
    <Filter Include="MatchServer\Ladder">
      <UniqueIdentifier>{dda2366e-8cdb-4dbd-be6e-c54262e4b696}</UniqueIdentifier>
    </Filter>
    <Filter Include="MatchServer\Game">
      <UniqueIdentifier>{cc15d6f4-5979-4150-b933-6b96b83323ee}</UniqueIdentifier>
    </Filter>
    <Filter Include="MatchServer\Game\Quest">
      <UniqueIdentifier>{a96a4cff-61c9-451e-9318-368836ae9178}</UniqueIdentifier>
    </Filter>
    <Filter Include="MatchServer\Game\Quest\Base">
      <UniqueIdentifier>{b350f6a6-4be3-4240-a8cb-0c696696424b}</UniqueIdentifier>
    </Filter>
    <Filter Include="MatchServer\Game\GameType">
      <UniqueIdentifier>{b813bd72-c36e-41dc-994f-4ed76a8a24a1}</UniqueIdentifier>
    </Filter>
    <Filter Include="MatchServer\Game\GameType\QuestGameType">
      <UniqueIdentifier>{c462def3-8069-4cd2-a642-acb139ae4be4}</UniqueIdentifier>
    </Filter>
    <Filter Include="MatchServer\Game\Duel Tournament">
      <UniqueIdentifier>{1f0a288c-706f-4864-92f1-edcc00c91d00}</UniqueIdentifier>
    </Filter>
    <Filter Include="MatchServer\Game\Duel Tournament\GameManager">
      <UniqueIdentifier>{0503aeee-0194-43a8-b6ef-deaa263d8351}</UniqueIdentifier>
    </Filter>
    <Filter Include="MatchServer\Game\Duel Tournament\GameManager\MatchMaker">
      <UniqueIdentifier>{3eb2fa53-1d0c-4e4d-91d1-cfc8f74ad575}</UniqueIdentifier>
    </Filter>
    <Filter Include="MatchServer\Game\Duel Tournament\GameManager\TimeChecker">
      <UniqueIdentifier>{7d9cc5b9-ff17-4751-9fc8-0a1ef906f492}</UniqueIdentifier>
    </Filter>
    <Filter Include="MatchServer\Game\Duel Tournament\GameRule">
      <UniqueIdentifier>{745aca52-5df4-428f-b314-b0e13a023b81}</UniqueIdentifier>
    </Filter>
    <Filter Include="MatchServer\Game\Duel Tournament\GameRule\Formula">
      <UniqueIdentifier>{bdaa8f1a-af0e-449e-bb2b-6f2f45b4dc12}</UniqueIdentifier>
    </Filter>
    <Filter Include="MatchServer\Object">
      <UniqueIdentifier>{e4d9a918-ca9f-4826-9f21-c4cc2f1123d4}</UniqueIdentifier>
    </Filter>
    <Filter Include="MatchServer\Object\Item">
      <UniqueIdentifier>{e3c9e2bc-aa7f-473d-9924-e2df078173c2}</UniqueIdentifier>
    </Filter>
    <Filter Include="MatchServer\Object\Item\GambleItem">
      <UniqueIdentifier>{acda59d1-a645-4d73-b3b1-719cce1cc82d}</UniqueIdentifier>
    </Filter>
    <Filter Include="MatchServer\Object\Item\QuestItem">
      <UniqueIdentifier>{362bbf44-eccf-4f72-8dd9-4d2ce02ac6b7}</UniqueIdentifier>
    </Filter>
    <Filter Include="MatchServer\Object\Item\Buff">
      <UniqueIdentifier>{d24d269c-507b-4258-b684-8bb43d4c3355}</UniqueIdentifier>
    </Filter>
    <Filter Include="MatchServer\Object\PenaltyInfo">
      <UniqueIdentifier>{cad83944-ea71-4a8a-9679-58396a886f4e}</UniqueIdentifier>
    </Filter>
    <Filter Include="MatchServer\Object\BattleTimeReward">
      <UniqueIdentifier>{c9c499ac-691d-44ce-8c47-8e70db783bde}</UniqueIdentifier>
    </Filter>
    <Filter Include="MatchServer\DB">
      <UniqueIdentifier>{0f012c01-12f7-4b69-937f-432217d356ce}</UniqueIdentifier>
    </Filter>
    <Filter Include="MatchServer\DB\Filter">
      <UniqueIdentifier>{5b48b651-b287-4deb-a8ea-ffb57c9f3bee}</UniqueIdentifier>
    </Filter>
    <Filter Include="MatchServer\Server">
      <UniqueIdentifier>{dcc036bf-32ad-4545-9d8f-93b0f4959d8d}</UniqueIdentifier>
    </Filter>
    <Filter Include="MatchServer\MMatchServer">
      <UniqueIdentifier>{c1ab36cc-f254-4cea-a4a5-e6d1dd342435}</UniqueIdentifier>
    </Filter>
    <Filter Include="MatchServer\Event">
      <UniqueIdentifier>{e3f5f530-da75-4a98-83de-bd58c5fa1371}</UniqueIdentifier>
    </Filter>
    <Filter Include="MatchServer\MMatchConfig">
      <UniqueIdentifier>{d2347527-4b98-4ef4-87ac-db794f6f1471}</UniqueIdentifier>
    </Filter>
    <Filter Include="MatchServer\AsyncProxy">
      <UniqueIdentifier>{181239f0-dadf-487a-b694-270846f6f324}</UniqueIdentifier>
    </Filter>
    <Filter Include="CommandCommunicator">
      <UniqueIdentifier>{1fafe8a7-2ae7-47f0-a051-e2e3b6da12df}</UniqueIdentifier>
    </Filter>
    <Filter Include="Util">
      <UniqueIdentifier>{d2280ddc-9e53-4d81-8adf-1eeb54dd8b2b}</UniqueIdentifier>
    </Filter>
    <Filter Include="Locate">
      <UniqueIdentifier>{bd0bb460-e043-48e1-a6ab-8d8ec775c8b7}</UniqueIdentifier>
    </Filter>
    <Filter Include="StringRes">
      <UniqueIdentifier>{e9fb213d-01ab-440d-8fb5-280e752c4183}</UniqueIdentifier>
    </Filter>
    <Filter Include="HShield">
      <UniqueIdentifier>{e83491db-4564-43eb-821a-54e5f334a5d8}</UniqueIdentifier>
    </Filter>
    <Filter Include="Security">
      <UniqueIdentifier>{56a08974-d13a-40ea-b8ca-0e7620c77a53}</UniqueIdentifier>
    </Filter>
    <Filter Include="Security\Test">
      <UniqueIdentifier>{1c27be50-a27c-4c8c-9e76-184fc5598f8d}</UniqueIdentifier>
    </Filter>
  </ItemGroup>
  <ItemGroup>
    <None Include="Doxyfile">
      <Filter>Doc</Filter>
    </None>
    <None Include="doxygen.css">
      <Filter>Doc</Filter>
    </None>
    <None Include="footer.html">
      <Filter>Doc</Filter>
    </None>
  </ItemGroup>
  <ItemGroup>
    <ClInclude Include="Include\IndexPage.h">
      <Filter>Doc</Filter>
    </ClInclude>
    <ClInclude Include="Include\MCommand.h">
      <Filter>Command</Filter>
    </ClInclude>
    <ClInclude Include="Include\MCommandBuilder.h">
      <Filter>Command</Filter>
    </ClInclude>
    <ClInclude Include="Include\MCommandManager.h">
      <Filter>Command</Filter>
    </ClInclude>
    <ClInclude Include="Include\MCommandParameter.h">
      <Filter>Command</Filter>
    </ClInclude>
    <ClInclude Include="Include\MCommandProfiler.h">
      <Filter>Command</Filter>
    </ClInclude>
    <ClInclude Include="Include\MGridMap.h">
      <Filter>Map</Filter>
    </ClInclude>
    <ClInclude Include="Include\MUID.h">
      <Filter>MUID</Filter>
    </ClInclude>
    <ClInclude Include="Include\MObject.h">
      <Filter>Object</Filter>
    </ClInclude>
    <ClInclude Include="Include\MObjectTypes.h">
      <Filter>Object</Filter>
    </ClInclude>
    <ClInclude Include="Include\MSharedCommandTable.h">
      <Filter>SharedCommand</Filter>
    </ClInclude>
    <ClInclude Include="Include\MMaster.h">
      <Filter>Master</Filter>
    </ClInclude>
    <ClInclude Include="Include\MChattingFilter.h">
      <Filter>Client</Filter>
    </ClInclude>
    <ClInclude Include="Include\MClient.h">
      <Filter>Client</Filter>
    </ClInclude>
    <ClInclude Include="Include\MCustomClient.h">
      <Filter>Client</Filter>
    </ClInclude>
    <ClInclude Include="Include\MMatchClient.h">
      <Filter>Client</Filter>
    </ClInclude>
    <ClInclude Include="Include\MTCPSocket.h">
      <Filter>Client</Filter>
    </ClInclude>
    <ClInclude Include="Include\MServer.h">
      <Filter>Server</Filter>
    </ClInclude>
    <ClInclude Include="Include\RealCPNet.h">
      <Filter>IOCPNet</Filter>
    </ClInclude>
    <ClInclude Include="Include\MPacket.h">
      <Filter>Packet</Filter>
    </ClInclude>
    <ClInclude Include="Include\MPacketCrypter.h">
      <Filter>Packet</Filter>
    </ClInclude>
    <ClInclude Include="Include\MPacketHShieldCrypter.h">
      <Filter>Packet</Filter>
    </ClInclude>
    <ClInclude Include="Include\Msg.h">
      <Filter>Packet</Filter>
    </ClInclude>
    <ClInclude Include="Include\MLadderGroup.h">
      <Filter>MatchServer\Ladder</Filter>
    </ClInclude>
    <ClInclude Include="Include\MLadderMgr.h">
      <Filter>MatchServer\Ladder</Filter>
    </ClInclude>
    <ClInclude Include="Include\MLadderPicker.h">
      <Filter>MatchServer\Ladder</Filter>
    </ClInclude>
    <ClInclude Include="Include\MLadderStatistics.h">
      <Filter>MatchServer\Ladder</Filter>
    </ClInclude>
    <ClInclude Include="Include\MTeamGameStrategy.h">
      <Filter>MatchServer\Ladder</Filter>
    </ClInclude>
    <ClInclude Include="Include\MBaseChannelRule.h">
      <Filter>MatchServer\Game</Filter>
    </ClInclude>
    <ClInclude Include="Include\MMatchActiveTrapMgr.h">
      <Filter>MatchServer\Game</Filter>
    </ClInclude>
    <ClInclude Include="Include\MMatchChannelRule.h">
      <Filter>MatchServer\Game</Filter>
    </ClInclude>
    <ClInclude Include="Include\MMatchFormula.h">
      <Filter>MatchServer\Game</Filter>
    </ClInclude>
    <ClInclude Include="Include\MMatchMap.h">
      <Filter>MatchServer\Game</Filter>
    </ClInclude>
    <ClInclude Include="Include\MMatchStage.h">
      <Filter>MatchServer\Game</Filter>
    </ClInclude>
    <ClInclude Include="Include\MMatchStageSetting.h">
      <Filter>MatchServer\Game</Filter>
    </ClInclude>
    <ClInclude Include="Include\MMatchWorldItem.h">
      <Filter>MatchServer\Game</Filter>
    </ClInclude>
    <ClInclude Include="Include\MMatchWorldItemDesc.h">
      <Filter>MatchServer\Game</Filter>
    </ClInclude>
    <ClInclude Include="Include\MMatchNPCObject.h">
      <Filter>MatchServer\Game\Quest</Filter>
    </ClInclude>
    <ClInclude Include="Include\MMatchQuest.h">
      <Filter>MatchServer\Game\Quest</Filter>
    </ClInclude>
    <ClInclude Include="Include\MMatchQuestGameLog.h">
      <Filter>MatchServer\Game\Quest</Filter>
    </ClInclude>
    <ClInclude Include="Include\MMatchQuestMonsterGroup.h">
      <Filter>MatchServer\Game\Quest</Filter>
    </ClInclude>
    <ClInclude Include="Include\MMatchQuestRound.h">
      <Filter>MatchServer\Game\Quest</Filter>
    </ClInclude>
    <ClInclude Include="Include\MMatchSurvivalGameLog.h">
      <Filter>MatchServer\Game\Quest</Filter>
    </ClInclude>
    <ClInclude Include="Include\MQuestDropTable.h">
      <Filter>MatchServer\Game\Quest</Filter>
    </ClInclude>
    <ClInclude Include="Include\MQuestFormula.h">
      <Filter>MatchServer\Game\Quest</Filter>
    </ClInclude>
    <ClInclude Include="Include\MQuestItem.h">
      <Filter>MatchServer\Game\Quest</Filter>
    </ClInclude>
    <ClInclude Include="Include\MQuestLevel.h">
      <Filter>MatchServer\Game\Quest</Filter>
    </ClInclude>
    <ClInclude Include="Include\MQuestLevelGenerator.h">
      <Filter>MatchServer\Game\Quest</Filter>
    </ClInclude>
    <ClInclude Include="Include\MQuestNPCSpawnTrigger.h">
      <Filter>MatchServer\Game\Quest</Filter>
    </ClInclude>
    <ClInclude Include="Include\MQuestPlayer.h">
      <Filter>MatchServer\Game\Quest</Filter>
    </ClInclude>
    <ClInclude Include="Include\MSacrificeQItemTable.h">
      <Filter>MatchServer\Game\Quest</Filter>
    </ClInclude>
    <ClInclude Include="Include\MSurvivalRankInfo.h">
      <Filter>MatchServer\Game\Quest</Filter>
    </ClInclude>
    <ClInclude Include="Include\MBaseQuest.h">
      <Filter>MatchServer\Game\Quest\Base</Filter>
    </ClInclude>
    <ClInclude Include="Include\MQuestConst.h">
      <Filter>MatchServer\Game\Quest\Base</Filter>
    </ClInclude>
    <ClInclude Include="Include\MQuestMap.h">
      <Filter>MatchServer\Game\Quest\Base</Filter>
    </ClInclude>
    <ClInclude Include="Include\MQuestNPC.h">
      <Filter>MatchServer\Game\Quest\Base</Filter>
    </ClInclude>
    <ClInclude Include="Include\MQuestScenario.h">
      <Filter>MatchServer\Game\Quest\Base</Filter>
    </ClInclude>
    <ClInclude Include="Include\MSurvivalMap.h">
      <Filter>MatchServer\Game\Quest\Base</Filter>
    </ClInclude>
    <ClInclude Include="Include\MBaseGameType.h">
      <Filter>MatchServer\Game\GameType</Filter>
    </ClInclude>
    <ClInclude Include="Include\MMatchGameType.h">
      <Filter>MatchServer\Game\GameType</Filter>
    </ClInclude>
    <ClInclude Include="Include\MMatchRule.h">
      <Filter>MatchServer\Game\GameType</Filter>
    </ClInclude>
    <ClInclude Include="Include\MMatchRuleAssassinate.h">
      <Filter>MatchServer\Game\GameType</Filter>
    </ClInclude>
    <ClInclude Include="Include\MMatchRuleBerserker.h">
      <Filter>MatchServer\Game\GameType</Filter>
    </ClInclude>
    <ClInclude Include="Include\MMatchRuleDeathMatch.h">
      <Filter>MatchServer\Game\GameType</Filter>
    </ClInclude>
    <ClInclude Include="Include\MMatchRuleDuel.h">
      <Filter>MatchServer\Game\GameType</Filter>
    </ClInclude>
    <ClInclude Include="Include\MMatchRuleGladiator.h">
      <Filter>MatchServer\Game\GameType</Filter>
    </ClInclude>
    <ClInclude Include="Include\MMatchRuleTraining.h">
      <Filter>MatchServer\Game\GameType</Filter>
    </ClInclude>
    <ClInclude Include="Include\MMatchRuleBaseQuest.h">
      <Filter>MatchServer\Game\GameType\QuestGameType</Filter>
    </ClInclude>
    <ClInclude Include="Include\MMatchRuleQuest.h">
      <Filter>MatchServer\Game\GameType\QuestGameType</Filter>
    </ClInclude>
    <ClInclude Include="Include\MMatchRuleSurvival.h">
      <Filter>MatchServer\Game\GameType\QuestGameType</Filter>
    </ClInclude>
    <ClInclude Include="Include\MMatchDuelTournamentMgr.h">
      <Filter>MatchServer\Game\Duel Tournament\GameManager</Filter>
    </ClInclude>
    <ClInclude Include="Include\MDuelTournamentGroup.h">
      <Filter>MatchServer\Game\Duel Tournament\GameManager\MatchMaker</Filter>
    </ClInclude>
    <ClInclude Include="Include\MDuelTournamentMatchMaker.h">
      <Filter>MatchServer\Game\Duel Tournament\GameManager\MatchMaker</Filter>
    </ClInclude>
    <ClInclude Include="Include\MDuelTournamentTicket.h">
      <Filter>MatchServer\Game\Duel Tournament\GameManager\MatchMaker</Filter>
    </ClInclude>
    <ClInclude Include="Include\MDuelTournamentTicketPicker.h">
      <Filter>MatchServer\Game\Duel Tournament\GameManager\MatchMaker</Filter>
    </ClInclude>
    <ClInclude Include="Include\MDuelTournamentTimeChecker.h">
      <Filter>MatchServer\Game\Duel Tournament\GameManager\TimeChecker</Filter>
    </ClInclude>
    <ClInclude Include="Include\MMatchRuleDuelTournament.h">
      <Filter>MatchServer\Game\Duel Tournament\GameRule</Filter>
    </ClInclude>
    <ClInclude Include="Include\MDuelTournamentFormula.h">
      <Filter>MatchServer\Game\Duel Tournament\GameRule\Formula</Filter>
    </ClInclude>
    <ClInclude Include="Include\MAgentObject.h">
      <Filter>MatchServer\Object</Filter>
    </ClInclude>
    <ClInclude Include="Include\MMatchAntiHack.h">
      <Filter>MatchServer\Object</Filter>
    </ClInclude>
    <ClInclude Include="Include\MMatchAuth.h">
      <Filter>MatchServer\Object</Filter>
    </ClInclude>
    <ClInclude Include="Include\MMatchHShield.h">
      <Filter>MatchServer\Object</Filter>
    </ClInclude>
    <ClInclude Include="Include\MMatchObjCache.h">
      <Filter>MatchServer\Object</Filter>
    </ClInclude>
    <ClInclude Include="Include\MMatchObject.h">
      <Filter>MatchServer\Object</Filter>
    </ClInclude>
    <ClInclude Include="Include\MMatchObjectCharBuffInfo.h">
      <Filter>MatchServer\Object</Filter>
    </ClInclude>
    <ClInclude Include="MMatchObjectCommandHistory.h">
      <Filter>MatchServer\Object</Filter>
    </ClInclude>
    <ClInclude Include="Include\MBaseItem.h">
      <Filter>MatchServer\Object\Item</Filter>
    </ClInclude>
    <ClInclude Include="Include\MMatchItem.h">
      <Filter>MatchServer\Object\Item</Filter>
    </ClInclude>
    <ClInclude Include="Include\MMatchItemFunction.h">
      <Filter>MatchServer\Object\Item</Filter>
    </ClInclude>
    <ClInclude Include="Include\MMatchBaseGambleItem.h">
      <Filter>MatchServer\Object\Item\GambleItem</Filter>
    </ClInclude>
    <ClInclude Include="Include\MMatchDBBaseGambleItem.h">
      <Filter>MatchServer\Object\Item\GambleItem</Filter>
    </ClInclude>
    <ClInclude Include="Include\MMatchDBGambleItem.h">
      <Filter>MatchServer\Object\Item\GambleItem</Filter>
    </ClInclude>
    <ClInclude Include="Include\MMatchGambleItem.h">
      <Filter>MatchServer\Object\Item\GambleItem</Filter>
    </ClInclude>
    <ClInclude Include="Include\MMatchGambleMachine.h">
      <Filter>MatchServer\Object\Item\GambleItem</Filter>
    </ClInclude>
    <ClInclude Include="Include\MMatchBuff.h">
      <Filter>MatchServer\Object\Item\Buff</Filter>
    </ClInclude>
    <ClInclude Include="Include\MMatchBuffSummary.h">
      <Filter>MatchServer\Object\Item\Buff</Filter>
    </ClInclude>
    <ClInclude Include="Include\MMatchAccountPenaltyInfo.h">
      <Filter>MatchServer\Object\PenaltyInfo</Filter>
    </ClInclude>
    <ClInclude Include="Include\MMatchBRMachine.h">
      <Filter>MatchServer\Object\BattleTimeReward</Filter>
    </ClInclude>
    <ClInclude Include="Include\MMatchCharBRInfo.h">
      <Filter>MatchServer\Object\BattleTimeReward</Filter>
    </ClInclude>
    <ClInclude Include="Include\MMatchDBMgr.h">
      <Filter>MatchServer\DB</Filter>
    </ClInclude>
    <ClInclude Include="Include\MMatchDBFilter.h">
      <Filter>MatchServer\DB\Filter</Filter>
    </ClInclude>
    <ClInclude Include="Include\MMatchAdmin.h">
      <Filter>MatchServer\Server</Filter>
    </ClInclude>
    <ClInclude Include="Include\MMatchChannel.h">
      <Filter>MatchServer\Server</Filter>
    </ClInclude>
    <ClInclude Include="Include\MMatchChatRoom.h">
      <Filter>MatchServer\Server</Filter>
    </ClInclude>
    <ClInclude Include="Include\MMatchCheckLoopTime.h">
      <Filter>MatchServer\Server</Filter>
    </ClInclude>
    <ClInclude Include="Include\MMatchClan.h">
      <Filter>MatchServer\Server</Filter>
    </ClInclude>
    <ClInclude Include="Include\MMatchFriendInfo.h">
      <Filter>MatchServer\Server</Filter>
    </ClInclude>
    <ClInclude Include="Include\MMatchGlobal.h">
      <Filter>MatchServer\Server</Filter>
    </ClInclude>
    <ClInclude Include="Include\MMatchNotify.h">
      <Filter>MatchServer\Server</Filter>
    </ClInclude>
    <ClInclude Include="Include\MMatchPremiumIPCache.h">
      <Filter>MatchServer\Server</Filter>
    </ClInclude>
    <ClInclude Include="Include\MMatchSchedule.h">
      <Filter>MatchServer\Server</Filter>
    </ClInclude>
    <ClInclude Include="Include\MMatchShop.h">
      <Filter>MatchServer\Server</Filter>
    </ClInclude>
    <ClInclude Include="Include\MMatchShutdown.h">
      <Filter>MatchServer\Server</Filter>
    </ClInclude>
    <ClInclude Include="Include\MMatchStatus.h">
      <Filter>MatchServer\Server</Filter>
    </ClInclude>
    <ClInclude Include="Include\MMatchTransDataType.h">
      <Filter>MatchServer\Server</Filter>
    </ClInclude>
    <ClInclude Include="Include\MMatchTypes.h">
      <Filter>MatchServer\Server</Filter>
    </ClInclude>
    <ClInclude Include="Include\MMatchUtil.h">
      <Filter>MatchServer\Server</Filter>
    </ClInclude>
    <ClInclude Include="Include\MSmartRefreshImpl.h">
      <Filter>MatchServer\Server</Filter>
    </ClInclude>
    <ClInclude Include="Include\MVoteDiscussImpl.h">
      <Filter>MatchServer\Server</Filter>
    </ClInclude>
    <ClInclude Include="Include\MVoteMgr.h">
      <Filter>MatchServer\Server</Filter>
    </ClInclude>
    <ClInclude Include="Include\MMatchServer.h">
      <Filter>MatchServer\MMatchServer</Filter>
    </ClInclude>
    <ClInclude Include="Include\MMatchEvent.h">
      <Filter>MatchServer\Event</Filter>
    </ClInclude>
    <ClInclude Include="Include\MMatchEventFactory.h">
      <Filter>MatchServer\Event</Filter>
    </ClInclude>
    <ClInclude Include="Include\MMatchEventManager.h">
      <Filter>MatchServer\Event</Filter>
    </ClInclude>
    <ClInclude Include="Include\MMatchConfig.h">
      <Filter>MatchServer\MMatchConfig</Filter>
    </ClInclude>
    <ClInclude Include="MMatchKillTrackerConfig.h">
      <Filter>MatchServer\MMatchConfig</Filter>
    </ClInclude>
    <ClInclude Include="Include\MAsyncDBJob.h">
      <Filter>MatchServer\AsyncProxy</Filter>
    </ClInclude>
    <ClInclude Include="Include\MAsyncDBJob_BuyQuestItem.h">
      <Filter>MatchServer\AsyncProxy</Filter>
    </ClInclude>
    <ClInclude Include="Include\MAsyncDBJob_CharFinalize.h">
      <Filter>MatchServer\AsyncProxy</Filter>
    </ClInclude>
    <ClInclude Include="Include\MAsyncDBJob_CountryFilter.h">
      <Filter>MatchServer\AsyncProxy</Filter>
    </ClInclude>
    <ClInclude Include="Include\MAsyncDBJob_DuelTournament.h">
      <Filter>MatchServer\AsyncProxy</Filter>
    </ClInclude>
    <ClInclude Include="Include\MAsyncDBJob_Event.h">
      <Filter>MatchServer\AsyncProxy</Filter>
    </ClInclude>
    <ClInclude Include="Include\MAsyncDBJob_FriendList.h">
      <Filter>MatchServer\AsyncProxy</Filter>
    </ClInclude>
    <ClInclude Include="MAsyncDBJob_GetAccountItemList.h">
      <Filter>MatchServer\AsyncProxy</Filter>
    </ClInclude>
    <ClInclude Include="Include\MAsyncDBJob_GetBRDescription.h">
      <Filter>MatchServer\AsyncProxy</Filter>
    </ClInclude>
    <ClInclude Include="Include\MAsyncDBJob_GetLoginInfo.h">
      <Filter>MatchServer\AsyncProxy</Filter>
    </ClInclude>
    <ClInclude Include="Include\MAsyncDBJob_InsertCharBRInfo.h">
      <Filter>MatchServer\AsyncProxy</Filter>
    </ClInclude>
    <ClInclude Include="Include\MAsyncDBJob_InsertConnLog.h">
      <Filter>MatchServer\AsyncProxy</Filter>
    </ClInclude>
    <ClInclude Include="Include\MAsyncDBJob_InsertGamePlayerLog.h">
      <Filter>MatchServer\AsyncProxy</Filter>
    </ClInclude>
    <ClInclude Include="Include\MAsyncDBJob_RewardCharBR.h">
      <Filter>MatchServer\AsyncProxy</Filter>
    </ClInclude>
    <ClInclude Include="Include\MAsyncDBJob_SurvivalMode.h">
      <Filter>MatchServer\AsyncProxy</Filter>
    </ClInclude>
    <ClInclude Include="Include\MAsyncDBJob_UpdateAccountLastLoginTime.h">
      <Filter>MatchServer\AsyncProxy</Filter>
    </ClInclude>
    <ClInclude Include="Include\MAsyncDBJob_UpdateCharBRInfo.h">
      <Filter>MatchServer\AsyncProxy</Filter>
    </ClInclude>
    <ClInclude Include="Include\MAsyncDBJob_UpdateCharInfoData.h">
      <Filter>MatchServer\AsyncProxy</Filter>
    </ClInclude>
    <ClInclude Include="Include\MAsyncDBJob_UpdateCharItemInfoData.h">
      <Filter>MatchServer\AsyncProxy</Filter>
    </ClInclude>
    <ClInclude Include="Include\MAsyncDBJob_UpdateClanGrade.h">
      <Filter>MatchServer\AsyncProxy</Filter>
    </ClInclude>
    <ClInclude Include="Include\MAsyncDBJob_WinTheClanGame.h">
      <Filter>MatchServer\AsyncProxy</Filter>
    </ClInclude>
    <ClInclude Include="Include\MAsyncProxy.h">
      <Filter>MatchServer\AsyncProxy</Filter>
    </ClInclude>
    <ClInclude Include="MMatchPowerLevelingConfig.h">
      <Filter>MatchServer\AsyncProxy</Filter>
    </ClInclude>
    <ClInclude Include="Include\MCommandCommunicator.h">
      <Filter>CommandCommunicator</Filter>
    </ClInclude>
    <ClInclude Include="Include\MXmlParser.h">
      <Filter>Util</Filter>
    </ClInclude>
    <ClInclude Include="Include\MBaseLocale.h">
      <Filter>Locate</Filter>
    </ClInclude>
    <ClInclude Include="Include\MLocaleDefine.h">
      <Filter>Locate</Filter>
    </ClInclude>
    <ClInclude Include="Include\MMatchLocale.h">
      <Filter>Locate</Filter>
    </ClInclude>
    <ClInclude Include="Include\MNJ_DBAgentClient.h">
      <Filter>Locate</Filter>
    </ClInclude>
    <ClInclude Include="Include\MBaseStringResManager.h">
      <Filter>StringRes</Filter>
    </ClInclude>
    <ClInclude Include="Include\MErrorTable.h">
      <Filter>StringRes</Filter>
    </ClInclude>
    <ClInclude Include="Include\MMatchStringResManager.h">
      <Filter>StringRes</Filter>
    </ClInclude>
    <ClInclude Include="Include\MStringRes.h">
      <Filter>StringRes</Filter>
    </ClInclude>
    <ClInclude Include="HShield\HsCryptLib.h">
      <Filter>HShield</Filter>
    </ClInclude>
    <ClInclude Include="MConnectHistory.h">
      <Filter>Security</Filter>
    </ClInclude>
    <ClInclude Include="Include\MHackingCharList.h">
      <Filter>Security</Filter>
    </ClInclude>
    <ClInclude Include="Include\MHackingTypes.h">
      <Filter>Security</Filter>
    </ClInclude>
    <ClInclude Include="Include\MMatchCRC32XORCache.h">
      <Filter>Security</Filter>
    </ClInclude>
    <ClInclude Include="Include\TestCRC32XORCache.h">
      <Filter>Security\Test</Filter>
    </ClInclude>
    <ClInclude Include="MFeatureDefine.h" />
    <ClInclude Include="Include\stdafx.h" />
  </ItemGroup>
  <ItemGroup>
    <ClCompile Include="Source\MCommand.cpp">
      <Filter>Command</Filter>
    </ClCompile>
    <ClCompile Include="Source\MCommandBuilder.cpp">
      <Filter>Command</Filter>
    </ClCompile>
    <ClCompile Include="Source\MCommandManager.cpp">
      <Filter>Command</Filter>
    </ClCompile>
    <ClCompile Include="Source\MCommandParameter.cpp">
      <Filter>Command</Filter>
    </ClCompile>
    <ClCompile Include="Source\MCommandProfiler.cpp">
      <Filter>Command</Filter>
    </ClCompile>
    <ClCompile Include="Source\MGridMap.cpp">
      <Filter>Map</Filter>
    </ClCompile>
    <ClCompile Include="Source\MUID.cpp">
      <Filter>MUID</Filter>
    </ClCompile>
    <ClCompile Include="Source\MObject.cpp">
      <Filter>Object</Filter>
    </ClCompile>
    <ClCompile Include="Source\MSharedCommandTable.cpp">
      <Filter>SharedCommand</Filter>
    </ClCompile>
    <ClCompile Include="Source\MMaster.cpp">
      <Filter>Master</Filter>
    </ClCompile>
    <ClCompile Include="Source\MChattingFilter.cpp">
      <Filter>Client</Filter>
    </ClCompile>
    <ClCompile Include="Source\MClient.cpp">
      <Filter>Client</Filter>
    </ClCompile>
    <ClCompile Include="Source\MCustomClient.cpp">
      <Filter>Client</Filter>
    </ClCompile>
    <ClCompile Include="Source\MMatchClient.cpp">
      <Filter>Client</Filter>
    </ClCompile>
    <ClCompile Include="Source\MTCPSocket.cpp">
      <Filter>Client</Filter>
    </ClCompile>
    <ClCompile Include="Source\MServer.cpp">
      <Filter>Server</Filter>
    </ClCompile>
    <ClCompile Include="Source\RealCPNet.cpp">
      <Filter>IOCPNet</Filter>
    </ClCompile>
    <ClCompile Include="Source\MPacket.cpp">
      <Filter>Packet</Filter>
    </ClCompile>
    <ClCompile Include="Source\MPacketCrypter.cpp">
      <Filter>Packet</Filter>
    </ClCompile>
    <ClCompile Include="Source\MPacketHShieldCrypter.cpp">
      <Filter>Packet</Filter>
    </ClCompile>
    <ClCompile Include="Source\MLadderMgr.cpp">
      <Filter>MatchServer\Ladder</Filter>
    </ClCompile>
    <ClCompile Include="Source\MLadderPicker.cpp">
      <Filter>MatchServer\Ladder</Filter>
    </ClCompile>
    <ClCompile Include="Source\MLadderStatistics.cpp">
      <Filter>MatchServer\Ladder</Filter>
    </ClCompile>
    <ClCompile Include="Source\MTeamGameStrategy.cpp">
      <Filter>MatchServer\Ladder</Filter>
    </ClCompile>
    <ClCompile Include="Source\MBaseChannelRule.cpp">
      <Filter>MatchServer\Game</Filter>
    </ClCompile>
    <ClCompile Include="Source\MMatchActiveTrapMgr.cpp">
      <Filter>MatchServer\Game</Filter>
    </ClCompile>
    <ClCompile Include="Source\MMatchChannelRule.cpp">
      <Filter>MatchServer\Game</Filter>
    </ClCompile>
    <ClCompile Include="Source\MMatchFormula.cpp">
      <Filter>MatchServer\Game</Filter>
    </ClCompile>
    <ClCompile Include="Source\MMatchMap.cpp">
      <Filter>MatchServer\Game</Filter>
    </ClCompile>
    <ClCompile Include="Source\MMatchStage.cpp">
      <Filter>MatchServer\Game</Filter>
    </ClCompile>
    <ClCompile Include="Source\MMatchStageSetting.cpp">
      <Filter>MatchServer\Game</Filter>
    </ClCompile>
    <ClCompile Include="Source\MMatchWorldItem.cpp">
      <Filter>MatchServer\Game</Filter>
    </ClCompile>
    <ClCompile Include="Source\MMatchWorldItemDesc.cpp">
      <Filter>MatchServer\Game</Filter>
    </ClCompile>
    <ClCompile Include="Source\MMatchNPCObject.cpp">
      <Filter>MatchServer\Game\Quest</Filter>
    </ClCompile>
    <ClCompile Include="Source\MMatchQuest.cpp">
      <Filter>MatchServer\Game\Quest</Filter>
    </ClCompile>
    <ClCompile Include="Source\MMatchQuestGameLog.cpp">
      <Filter>MatchServer\Game\Quest</Filter>
    </ClCompile>
    <ClCompile Include="Source\MMatchQuestMonsterGroup.cpp">
      <Filter>MatchServer\Game\Quest</Filter>
    </ClCompile>
    <ClCompile Include="Source\MMatchQuestRound.cpp">
      <Filter>MatchServer\Game\Quest</Filter>
    </ClCompile>
    <ClCompile Include="Source\MMatchSurvivalGameLog.cpp">
      <Filter>MatchServer\Game\Quest</Filter>
    </ClCompile>
    <ClCompile Include="Source\MQuestDropTable.cpp">
      <Filter>MatchServer\Game\Quest</Filter>
    </ClCompile>
    <ClCompile Include="Source\MQuestFormula.cpp">
      <Filter>MatchServer\Game\Quest</Filter>
    </ClCompile>
    <ClCompile Include="Source\MQuestItem.cpp">
      <Filter>MatchServer\Game\Quest</Filter>
    </ClCompile>
    <ClCompile Include="Source\MQuestLevel.cpp">
      <Filter>MatchServer\Game\Quest</Filter>
    </ClCompile>
    <ClCompile Include="Source\MQuestLevelGenerator.cpp">
      <Filter>MatchServer\Game\Quest</Filter>
    </ClCompile>
    <ClCompile Include="Source\MQuestNPCSpawnTrigger.cpp">
      <Filter>MatchServer\Game\Quest</Filter>
    </ClCompile>
    <ClCompile Include="Source\MQuestPlayer.cpp">
      <Filter>MatchServer\Game\Quest</Filter>
    </ClCompile>
    <ClCompile Include="Source\MSacrificeQItemTable.cpp">
      <Filter>MatchServer\Game\Quest</Filter>
    </ClCompile>
    <ClCompile Include="Source\MSurvivalRankInfo.cpp">
      <Filter>MatchServer\Game\Quest</Filter>
    </ClCompile>
    <ClCompile Include="Source\MBaseQuest.cpp">
      <Filter>MatchServer\Game\Quest\Base</Filter>
    </ClCompile>
    <ClCompile Include="Source\MQuestMap.cpp">
      <Filter>MatchServer\Game\Quest\Base</Filter>
    </ClCompile>
    <ClCompile Include="Source\MQuestNPC.cpp">
      <Filter>MatchServer\Game\Quest\Base</Filter>
    </ClCompile>
    <ClCompile Include="Source\MQuestScenario.cpp">
      <Filter>MatchServer\Game\Quest\Base</Filter>
    </ClCompile>
    <ClCompile Include="Source\MSurvivalMap.cpp">
      <Filter>MatchServer\Game\Quest\Base</Filter>
    </ClCompile>
    <ClCompile Include="Source\MBaseGameType.cpp">
      <Filter>MatchServer\Game\GameType</Filter>
    </ClCompile>
    <ClCompile Include="Source\MMatchGameType.cpp">
      <Filter>MatchServer\Game\GameType</Filter>
    </ClCompile>
    <ClCompile Include="Source\MMatchRule.cpp">
      <Filter>MatchServer\Game\GameType</Filter>
    </ClCompile>
    <ClCompile Include="Source\MMatchRuleAssassinate.cpp">
      <Filter>MatchServer\Game\GameType</Filter>
    </ClCompile>
    <ClCompile Include="Source\MMatchRuleBerserker.cpp">
      <Filter>MatchServer\Game\GameType</Filter>
    </ClCompile>
    <ClCompile Include="Source\MMatchRuleDeathMatch.cpp">
      <Filter>MatchServer\Game\GameType</Filter>
    </ClCompile>
    <ClCompile Include="Source\MMatchRuleDuel.cpp">
      <Filter>MatchServer\Game\GameType</Filter>
    </ClCompile>
    <ClCompile Include="Source\MMatchRuleGladiator.cpp">
      <Filter>MatchServer\Game\GameType</Filter>
    </ClCompile>
    <ClCompile Include="Source\MMatchRuleTraining.cpp">
      <Filter>MatchServer\Game\GameType</Filter>
    </ClCompile>
    <ClCompile Include="Source\MMatchRuleBaseQuest.cpp">
      <Filter>MatchServer\Game\GameType\QuestGameType</Filter>
    </ClCompile>
    <ClCompile Include="Source\MMatchRuleQuest.cpp">
      <Filter>MatchServer\Game\GameType\QuestGameType</Filter>
    </ClCompile>
    <ClCompile Include="Source\MMatchRuleSurvival.cpp">
      <Filter>MatchServer\Game\GameType\QuestGameType</Filter>
    </ClCompile>
    <ClCompile Include="Source\MMatchDuelTournamentMgr.cpp">
      <Filter>MatchServer\Game\Duel Tournament\GameManager</Filter>
    </ClCompile>
    <ClCompile Include="Source\MDuelTournamentMatchMaker.cpp">
      <Filter>MatchServer\Game\Duel Tournament\GameManager\MatchMaker</Filter>
    </ClCompile>
    <ClCompile Include="Source\MDuelTournamentTicketPicker.cpp">
      <Filter>MatchServer\Game\Duel Tournament\GameManager\MatchMaker</Filter>
    </ClCompile>
    <ClCompile Include="Source\MDuelTournamentTimeChecker.cpp">
      <Filter>MatchServer\Game\Duel Tournament\GameManager\TimeChecker</Filter>
    </ClCompile>
    <ClCompile Include="Source\MMatchRuleDuelTournament.cpp">
      <Filter>MatchServer\Game\Duel Tournament\GameRule</Filter>
    </ClCompile>
    <ClCompile Include="Source\MDuelTournamentFormula.cpp">
      <Filter>MatchServer\Game\Duel Tournament\GameRule\Formula</Filter>
    </ClCompile>
    <ClCompile Include="Source\MAgentObject.cpp">
      <Filter>MatchServer\Object</Filter>
    </ClCompile>
    <ClCompile Include="Source\MMatchAntiHack.cpp">
      <Filter>MatchServer\Object</Filter>
    </ClCompile>
    <ClCompile Include="Source\MMatchHShield.cpp">
      <Filter>MatchServer\Object</Filter>
    </ClCompile>
    <ClCompile Include="Source\MMatchObjCache.cpp">
      <Filter>MatchServer\Object</Filter>
    </ClCompile>
    <ClCompile Include="Source\MMatchObject.cpp">
      <Filter>MatchServer\Object</Filter>
    </ClCompile>
    <ClCompile Include="Source\MMatchObjectCharBuffInfo.cpp">
      <Filter>MatchServer\Object</Filter>
    </ClCompile>
    <ClCompile Include="MMatchObjectCommandHistory.cpp">
      <Filter>MatchServer\Object</Filter>
    </ClCompile>
    <ClCompile Include="Source\MMatchItem.cpp">
      <Filter>MatchServer\Object\Item</Filter>
    </ClCompile>
    <ClCompile Include="Source\MMatchItemFunction.cpp">
      <Filter>MatchServer\Object\Item</Filter>
    </ClCompile>
    <ClCompile Include="Source\MMatchDBGambleItem.cpp">
      <Filter>MatchServer\Object\Item\GambleItem</Filter>
    </ClCompile>
    <ClCompile Include="Source\MMatchGambleItem.cpp">
      <Filter>MatchServer\Object\Item\GambleItem</Filter>
    </ClCompile>
    <ClCompile Include="Source\MMatchGambleMachine.cpp">
      <Filter>MatchServer\Object\Item\GambleItem</Filter>
    </ClCompile>
    <ClCompile Include="Source\MMatchBuff.cpp">
      <Filter>MatchServer\Object\Item\Buff</Filter>
    </ClCompile>
    <ClCompile Include="Source\MMatchBuffSummary.cpp">
      <Filter>MatchServer\Object\Item\Buff</Filter>
    </ClCompile>
    <ClCompile Include="Source\MMatchAccountPenaltyInfo.cpp">
      <Filter>MatchServer\Object\PenaltyInfo</Filter>
    </ClCompile>
    <ClCompile Include="Source\MMatchBRMachine.cpp">
      <Filter>MatchServer\Object\BattleTimeReward</Filter>
    </ClCompile>
    <ClCompile Include="Source\MMatchCharBRInfo.cpp">
      <Filter>MatchServer\Object\BattleTimeReward</Filter>
    </ClCompile>
    <ClCompile Include="Source\MMatchDBMgr.cpp">
      <Filter>MatchServer\DB</Filter>
    </ClCompile>
    <ClCompile Include="Source\MMatchDBMgr_AccountItem.cpp">
      <Filter>MatchServer\DB</Filter>
    </ClCompile>
    <ClCompile Include="Source\MMatchDBFilter.cpp">
      <Filter>MatchServer\DB\Filter</Filter>
    </ClCompile>
    <ClCompile Include="Source\MMatchAdmin.cpp">
      <Filter>MatchServer\Server</Filter>
    </ClCompile>
    <ClCompile Include="Source\MMatchChannel.cpp">
      <Filter>MatchServer\Server</Filter>
    </ClCompile>
    <ClCompile Include="Source\MMatchChatRoom.cpp">
      <Filter>MatchServer\Server</Filter>
    </ClCompile>
    <ClCompile Include="Source\MMatchCheckLoopTime.cpp">
      <Filter>MatchServer\Server</Filter>
    </ClCompile>
    <ClCompile Include="Source\MMatchClan.cpp">
      <Filter>MatchServer\Server</Filter>
    </ClCompile>
    <ClCompile Include="Source\MMatchFriendInfo.cpp">
      <Filter>MatchServer\Server</Filter>
    </ClCompile>
    <ClCompile Include="Source\MMatchGlobal.cpp">
      <Filter>MatchServer\Server</Filter>
    </ClCompile>
    <ClCompile Include="Source\MMatchNotify.cpp">
      <Filter>MatchServer\Server</Filter>
    </ClCompile>
    <ClCompile Include="Source\MMatchPremiumIPCache.cpp">
      <Filter>MatchServer\Server</Filter>
    </ClCompile>
    <ClCompile Include="Source\MMatchSchedule.cpp">
      <Filter>MatchServer\Server</Filter>
    </ClCompile>
    <ClCompile Include="Source\MMatchShop.cpp">
      <Filter>MatchServer\Server</Filter>
    </ClCompile>
    <ClCompile Include="Source\MMatchShutdown.cpp">
      <Filter>MatchServer\Server</Filter>
    </ClCompile>
    <ClCompile Include="Source\MMatchStatus.cpp">
      <Filter>MatchServer\Server</Filter>
    </ClCompile>
    <ClCompile Include="Source\MMatchTransDataType.cpp">
      <Filter>MatchServer\Server</Filter>
    </ClCompile>
    <ClCompile Include="Source\MMatchUtil.cpp">
      <Filter>MatchServer\Server</Filter>
    </ClCompile>
    <ClCompile Include="Source\MSmartRefreshImpl.cpp">
      <Filter>MatchServer\Server</Filter>
    </ClCompile>
    <ClCompile Include="Source\MVoteDiscussImpl.cpp">
      <Filter>MatchServer\Server</Filter>
    </ClCompile>
    <ClCompile Include="Source\MVoteMgr.cpp">
      <Filter>MatchServer\Server</Filter>
    </ClCompile>
    <ClCompile Include="Source\MMatchServer.cpp">
      <Filter>MatchServer\MMatchServer</Filter>
    </ClCompile>
    <ClCompile Include="Source\MMatchServer_Admin.cpp">
      <Filter>MatchServer\MMatchServer</Filter>
    </ClCompile>
    <ClCompile Include="Source\MMatchServer_Agent.cpp">
      <Filter>MatchServer\MMatchServer</Filter>
    </ClCompile>
    <ClCompile Include="MMatchServer_AntiHack.cpp">
      <Filter>MatchServer\MMatchServer</Filter>
    </ClCompile>
    <ClCompile Include="Source\MMatchServer_Async.cpp">
      <Filter>MatchServer\MMatchServer</Filter>
    </ClCompile>
    <ClCompile Include="Source\MMatchServer_Channel.cpp">
      <Filter>MatchServer\MMatchServer</Filter>
    </ClCompile>
    <ClCompile Include="Source\MMatchServer_Char.cpp">
      <Filter>MatchServer\MMatchServer</Filter>
    </ClCompile>
    <ClCompile Include="Source\MMatchServer_Clan.cpp">
      <Filter>MatchServer\MMatchServer</Filter>
    </ClCompile>
    <ClCompile Include="Source\MMatchServer_DuelTournament.cpp">
      <Filter>MatchServer\MMatchServer</Filter>
    </ClCompile>
    <ClCompile Include="Source\MMatchServer_Item.cpp">
      <Filter>MatchServer\MMatchServer</Filter>
    </ClCompile>
    <ClCompile Include="Source\MMatchServer_Ladder.cpp">
      <Filter>MatchServer\MMatchServer</Filter>
    </ClCompile>
    <ClCompile Include="Source\MMatchServer_Login.cpp">
      <Filter>MatchServer\MMatchServer</Filter>
    </ClCompile>
    <ClCompile Include="Source\MMatchServer_OnCommand.cpp">
      <Filter>MatchServer\MMatchServer</Filter>
    </ClCompile>
    <ClCompile Include="Source\MMatchServer_Quest.cpp">
      <Filter>MatchServer\MMatchServer</Filter>
    </ClCompile>
    <ClCompile Include="Source\MMatchServer_Stage.cpp">
      <Filter>MatchServer\MMatchServer</Filter>
    </ClCompile>
    <ClCompile Include="MMatchServer_Survival.cpp">
      <Filter>MatchServer\MMatchServer</Filter>
    </ClCompile>
    <ClCompile Include="Source\MMatchEvent.cpp">
      <Filter>MatchServer\Event</Filter>
    </ClCompile>
    <ClCompile Include="MMatchEventFactory.cpp">
      <Filter>MatchServer\Event</Filter>
    </ClCompile>
    <ClCompile Include="Source\MMatchEventManager.cpp">
      <Filter>MatchServer\Event</Filter>
    </ClCompile>
    <ClCompile Include="Source\MMatchConfig.cpp">
      <Filter>MatchServer\MMatchConfig</Filter>
    </ClCompile>
    <ClCompile Include="Source\MAsyncDBJob.cpp">
      <Filter>MatchServer\AsyncProxy</Filter>
    </ClCompile>
    <ClCompile Include="Source\MAsyncDBJob_BuyQuestItem.cpp">
      <Filter>MatchServer\AsyncProxy</Filter>
    </ClCompile>
    <ClCompile Include="Source\MAsyncDBJob_CharFinalize.cpp">
      <Filter>MatchServer\AsyncProxy</Filter>
    </ClCompile>
    <ClCompile Include="Source\MAsyncDBJob_CountryFilter.cpp">
      <Filter>MatchServer\AsyncProxy</Filter>
    </ClCompile>
    <ClCompile Include="Source\MAsyncDBJob_DuelTournament.cpp">
      <Filter>MatchServer\AsyncProxy</Filter>
    </ClCompile>
    <ClCompile Include="Source\MAsyncDBJob_Event.cpp">
      <Filter>MatchServer\AsyncProxy</Filter>
    </ClCompile>
    <ClCompile Include="Source\MAsyncDBJob_FriendList.cpp">
      <Filter>MatchServer\AsyncProxy</Filter>
    </ClCompile>
    <ClCompile Include="MAsyncDBJob_GetAccountItemList.cpp">
      <Filter>MatchServer\AsyncProxy</Filter>
    </ClCompile>
    <ClCompile Include="Source\MAsyncDBJob_GetBRDescription.cpp">
      <Filter>MatchServer\AsyncProxy</Filter>
    </ClCompile>
    <ClCompile Include="Source\MAsyncDBJob_GetLoginInfo.cpp">
      <Filter>MatchServer\AsyncProxy</Filter>
    </ClCompile>
    <ClCompile Include="Source\MAsyncDBJob_InsertCharBRInfo.cpp">
      <Filter>MatchServer\AsyncProxy</Filter>
    </ClCompile>
    <ClCompile Include="Source\MAsyncDBJob_InsertConnLog.cpp">
      <Filter>MatchServer\AsyncProxy</Filter>
    </ClCompile>
    <ClCompile Include="Source\MAsyncDBJob_InsertGamePlayerLog.cpp">
      <Filter>MatchServer\AsyncProxy</Filter>
    </ClCompile>
    <ClCompile Include="Source\MAsyncDBJob_RewardCharBR.cpp">
      <Filter>MatchServer\AsyncProxy</Filter>
    </ClCompile>
    <ClCompile Include="Source\MAsyncDBJob_SurvivalMode.cpp">
      <Filter>MatchServer\AsyncProxy</Filter>
    </ClCompile>
    <ClCompile Include="Source\MAsyncDBJob_UpdateCharBRInfo.cpp">
      <Filter>MatchServer\AsyncProxy</Filter>
    </ClCompile>
    <ClCompile Include="Source\MAsyncDBJob_UpdateCharInfoData.cpp">
      <Filter>MatchServer\AsyncProxy</Filter>
    </ClCompile>
    <ClCompile Include="Source\MAsyncDBJob_UpdateCharItemInfoData.cpp">
      <Filter>MatchServer\AsyncProxy</Filter>
    </ClCompile>
    <ClCompile Include="Source\MAsyncDBJob_WinTheClanGame.cpp">
      <Filter>MatchServer\AsyncProxy</Filter>
    </ClCompile>
    <ClCompile Include="Source\MAsyncProxy.cpp">
      <Filter>MatchServer\AsyncProxy</Filter>
    </ClCompile>
    <ClCompile Include="Source\MCommandCommunicator.cpp">
      <Filter>CommandCommunicator</Filter>
    </ClCompile>
    <ClCompile Include="Source\MXmlParser.cpp">
      <Filter>Util</Filter>
    </ClCompile>
    <ClCompile Include="Source\MBaseLocale.cpp">
      <Filter>Locate</Filter>
    </ClCompile>
    <ClCompile Include="Source\MMatchLocale.cpp">
      <Filter>Locate</Filter>
    </ClCompile>
    <ClCompile Include="Source\MNJ_DBAgentClient.cpp">
      <Filter>Locate</Filter>
    </ClCompile>
    <ClCompile Include="Source\MBaseStringResManager.cpp">
      <Filter>StringRes</Filter>
    </ClCompile>
    <ClCompile Include="Source\MMatchStringResManager.cpp">
      <Filter>StringRes</Filter>
    </ClCompile>
    <ClCompile Include="MConnectHistory.cpp">
      <Filter>Security</Filter>
    </ClCompile>
    <ClCompile Include="Source\MHackingTypes.cpp">
      <Filter>Security</Filter>
    </ClCompile>
    <ClCompile Include="Source\TestCRC32XORCache.cpp">
      <Filter>Security\Test</Filter>
    </ClCompile>
    <ClCompile Include="Source\stdafx.cpp" />
  </ItemGroup>
  <ItemGroup>
    <Library Include="HShield\HsCryptLib.lib">
      <Filter>HShield</Filter>
    </Library>
  </ItemGroup>
</Project>