<?xml version="1.0" encoding="utf-8"?>
<Project ToolsVersion="4.0" xmlns="http://schemas.microsoft.com/developer/msbuild/2003">
  <ItemGroup>
    <Filter Include="MFCFramework">
      <UniqueIdentifier>{17dc8e16-1c89-4e63-a751-21dd09c10571}</UniqueIdentifier>
    </Filter>
    <Filter Include="Server">
      <UniqueIdentifier>{f39e73d2-70f2-41b0-8dc6-ca21e3734bcb}</UniqueIdentifier>
    </Filter>
    <Filter Include="Server\MBMatchAsync">
      <UniqueIdentifier>{87645cd2-7fd2-4d4c-8551-c1a82f5dabe7}</UniqueIdentifier>
    </Filter>
    <Filter Include="Server\MBMatchAsync\AccountItem">
      <UniqueIdentifier>{31d0b938-b5b7-449d-b43e-500f2b7b4302}</UniqueIdentifier>
    </Filter>
    <Filter Include="Server\MBMatchServerOnCommand">
      <UniqueIdentifier>{4cc4f7c3-6f35-4ab0-b068-7f30b31c7c9f}</UniqueIdentifier>
    </Filter>
    <Filter Include="Server\Test">
      <UniqueIdentifier>{58f07f56-4073-4a79-a3d7-56a6c6a03852}</UniqueIdentifier>
    </Filter>
    <Filter Include="Server\Test\TestResourceCRC32Cache">
      <UniqueIdentifier>{e75d0df5-40c7-4919-93bc-4176bdd16a57}</UniqueIdentifier>
    </Filter>
    <Filter Include="Netmarble">
      <UniqueIdentifier>{f4418e33-76d1-4c46-ad0a-bf5ac1d402d1}</UniqueIdentifier>
    </Filter>
    <Filter Include="Netmarble\Billing">
      <UniqueIdentifier>{4cfb9889-4841-41d4-82d2-43bec867ea78}</UniqueIdentifier>
    </Filter>
    <Filter Include="Netmarble\Login">
      <UniqueIdentifier>{c28dcc16-9777-41a3-ba2a-b627630d1f3a}</UniqueIdentifier>
    </Filter>
    <Filter Include="XTrap">
      <UniqueIdentifier>{7fcf6b60-035e-4f3b-88ff-a7dd94a24a06}</UniqueIdentifier>
    </Filter>
    <Filter Include="HShield">
      <UniqueIdentifier>{1805991e-c5f9-4eca-b896-d519df1429e8}</UniqueIdentifier>
    </Filter>
    <Filter Include="NHN_USA">
      <UniqueIdentifier>{45ccff7b-5745-4f74-aa3b-a2af0ed92698}</UniqueIdentifier>
    </Filter>
    <Filter Include="GameGuard">
      <UniqueIdentifier>{61589a93-ab2e-4969-80fb-80965f59d5ec}</UniqueIdentifier>
    </Filter>
    <Filter Include="Security">
      <UniqueIdentifier>{7c806ad0-8d36-49bf-a34b-daca1b8be5d3}</UniqueIdentifier>
    </Filter>
    <Filter Include="Security\Hack">
      <UniqueIdentifier>{362da2c4-d38a-4d49-af57-9d8c7264d319}</UniqueIdentifier>
    </Filter>
    <Filter Include="MBMatchMonitor">
      <UniqueIdentifier>{de809624-0d75-41db-8059-bd12d1d751a3}</UniqueIdentifier>
    </Filter>
    <Filter Include="GameOn">
      <UniqueIdentifier>{61650566-bb01-4bef-8931-29c2dcd905df}</UniqueIdentifier>
    </Filter>
  </ItemGroup>
  <ItemGroup>
    <ClCompile Include="ChildFrm.cpp">
      <Filter>MFCFramework</Filter>
    </ClCompile>
    <ClCompile Include="CommandLogView.cpp">
      <Filter>MFCFramework</Filter>
    </ClCompile>
    <ClCompile Include="ExceptionAttacher.cpp">
      <Filter>MFCFramework</Filter>
    </ClCompile>
    <ClCompile Include="MainFrm.cpp">
      <Filter>MFCFramework</Filter>
    </ClCompile>
    <ClCompile Include="MatchServer.cpp">
      <Filter>MFCFramework</Filter>
    </ClCompile>
    <ClCompile Include="MatchServerDoc.cpp">
      <Filter>MFCFramework</Filter>
    </ClCompile>
    <ClCompile Include="MatchServerView.cpp">
      <Filter>MFCFramework</Filter>
    </ClCompile>
    <ClCompile Include="OutputView.cpp">
      <Filter>MFCFramework</Filter>
    </ClCompile>
    <ClCompile Include="stdafx.cpp">
      <Filter>MFCFramework</Filter>
    </ClCompile>
    <ClCompile Include="TrayIcon.cpp">
      <Filter>MFCFramework</Filter>
    </ClCompile>
    <ClCompile Include="MBMatchServer.cpp">
      <Filter>Server</Filter>
    </ClCompile>
    <ClCompile Include="MBMatchServerConfigReloader.cpp">
      <Filter>Server</Filter>
    </ClCompile>
    <ClCompile Include="MBMatchAsyncDBJob_BuyBountyItem.cpp">
      <Filter>Server\MBMatchAsync</Filter>
    </ClCompile>
    <ClCompile Include="MBMatchAsyncDBJob_Character.cpp">
      <Filter>Server\MBMatchAsync</Filter>
    </ClCompile>
    <ClCompile Include="MBMatchAsyncDBJob_GambleItem.cpp">
      <Filter>Server\MBMatchAsync</Filter>
    </ClCompile>
    <ClCompile Include="MBMatchAsyncDBJob_GambleQuestItem.cpp">
      <Filter>Server\MBMatchAsync</Filter>
    </ClCompile>
    <ClCompile Include="MBMatchAsyncDBJob_GameOnLogin.cpp">
      <Filter>Server\MBMatchAsync</Filter>
    </ClCompile>
    <ClCompile Include="MBMatchAsyncDBJob_NetmarbleLogin.cpp">
      <Filter>Server\MBMatchAsync</Filter>
    </ClCompile>
    <ClCompile Include="MBMatchAsyncDBJob_NHNLogin.cpp">
      <Filter>Server\MBMatchAsync</Filter>
    </ClCompile>
    <ClCompile Include="MBMatchAsyncDBJob_SellItem.cpp">
      <Filter>Server\MBMatchAsync</Filter>
    </ClCompile>
    <ClCompile Include="MBMatchAsyncDBJob_TakeoffItem.cpp">
      <Filter>Server\MBMatchAsync</Filter>
    </ClCompile>
    <ClCompile Include="MBMatchAsyncDBJob_UpdateCharLevel.cpp">
      <Filter>Server\MBMatchAsync</Filter>
    </ClCompile>
    <ClCompile Include="MBMatchAsyncDBJob_UpdateCharPlayInfo.cpp">
      <Filter>Server\MBMatchAsync</Filter>
    </ClCompile>
    <ClCompile Include="MBMatchAsyncDBJob_UpdateEquipItem.cpp">
      <Filter>Server\MBMatchAsync</Filter>
    </ClCompile>
    <ClCompile Include="MBMatchAsyncJob_GetCpuInfo.cpp">
      <Filter>Server\MBMatchAsync</Filter>
    </ClCompile>
    <ClCompile Include="OnProcessAsyncJob.cpp">
      <Filter>Server\MBMatchAsync</Filter>
    </ClCompile>
    <ClCompile Include="MBMatchAsyncDBJob_BringAccountItem.cpp">
      <Filter>Server\MBMatchAsync\AccountItem</Filter>
    </ClCompile>
    <ClCompile Include="MBMatchAsyncDBJob_BringAccountItemStackable.cpp">
      <Filter>Server\MBMatchAsync\AccountItem</Filter>
    </ClCompile>
    <ClCompile Include="MBMatchAsyncDBJob_BringBackAccountItem.cpp">
      <Filter>Server\MBMatchAsync\AccountItem</Filter>
    </ClCompile>
    <ClCompile Include="MBMatchAsyncDBJob_BringBackAccountItemStackable.cpp">
      <Filter>Server\MBMatchAsync\AccountItem</Filter>
    </ClCompile>
    <ClCompile Include="MBMatchServer_AntiHack.cpp">
      <Filter>Server\MBMatchServerOnCommand</Filter>
    </ClCompile>
    <ClCompile Include="MBMatchServer_CountryFilter.cpp">
      <Filter>Server\MBMatchServerOnCommand</Filter>
    </ClCompile>
    <ClCompile Include="MBMatchServer_Item.cpp">
      <Filter>Server\MBMatchServerOnCommand</Filter>
    </ClCompile>
    <ClCompile Include="MBMatchServer_Login.cpp">
      <Filter>Server\MBMatchServerOnCommand</Filter>
    </ClCompile>
    <ClCompile Include="MBMatchServer_OnCommand.cpp">
      <Filter>Server\MBMatchServerOnCommand</Filter>
    </ClCompile>
    <ClCompile Include="MBMatchServer_ServerKeeper.cpp">
      <Filter>Server\MBMatchServerOnCommand</Filter>
    </ClCompile>
    <ClCompile Include="MBMatchServer_Stage.cpp">
      <Filter>Server\MBMatchServerOnCommand</Filter>
    </ClCompile>
    <ClCompile Include="MMatchServer_Schedule.cpp">
      <Filter>Server\MBMatchServerOnCommand</Filter>
    </ClCompile>
    <ClCompile Include="MBMatchTest.cpp">
      <Filter>Server\Test</Filter>
    </ClCompile>
    <ClCompile Include="MBMatchTest_Gameguard.cpp">
      <Filter>Server\Test</Filter>
    </ClCompile>
    <ClCompile Include="MBMatchTest_Killtracker.cpp">
      <Filter>Server\Test</Filter>
    </ClCompile>
    <ClCompile Include="TestCRC32Server.cpp">
      <Filter>Server\Test\TestResourceCRC32Cache</Filter>
    </ClCompile>
    <ClCompile Include="TestCRCNetModule.cpp">
      <Filter>Server\Test\TestResourceCRC32Cache</Filter>
    </ClCompile>
    <ClCompile Include="TestCRCPlayer.cpp">
      <Filter>Server\Test\TestResourceCRC32Cache</Filter>
    </ClCompile>
    <ClCompile Include="TestCRCStage.cpp">
      <Filter>Server\Test\TestResourceCRC32Cache</Filter>
    </ClCompile>
    <ClCompile Include="TestResourceCRC32Cache_ServerClient.cpp">
      <Filter>Server\Test\TestResourceCRC32Cache</Filter>
    </ClCompile>
    <ClCompile Include="MBMatchNetmarbleBilling.cpp">
      <Filter>Netmarble\Billing</Filter>
    </ClCompile>
    <ClCompile Include="MBMatchAuth.cpp">
      <Filter>Netmarble\Login</Filter>
    </ClCompile>
    <ClCompile Include="MBMatchXTrapCC.cpp">
      <Filter>XTrap</Filter>
    </ClCompile>
    <ClCompile Include="XTrap\XTrap4Server.cpp">
      <Filter>XTrap</Filter>
    </ClCompile>
    <ClCompile Include="MBMatchNHNAuth.cpp">
      <Filter>NHN_USA</Filter>
    </ClCompile>
    <ClCompile Include="MBMatchNHNRTA.cpp">
      <Filter>NHN_USA</Filter>
    </ClCompile>
    <ClCompile Include="MBMatchGameGuard.cpp">
      <Filter>GameGuard</Filter>
    </ClCompile>
    <ClCompile Include="MBMatchSecurity.cpp">
      <Filter>Security</Filter>
    </ClCompile>
    <ClCompile Include="MBMatchKillTracker.cpp">
      <Filter>Security\Hack</Filter>
    </ClCompile>
    <ClCompile Include="MBMatchMonitor.cpp">
      <Filter>MBMatchMonitor</Filter>
    </ClCompile>
    <ClCompile Include="MBMatchMonitorCommunicator.cpp">
      <Filter>MBMatchMonitor</Filter>
    </ClCompile>
    <ClCompile Include="MBMatchMonitorXml.cpp">
      <Filter>MBMatchMonitor</Filter>
    </ClCompile>
    <ClCompile Include="MBMatchSystemInfo.cpp">
      <Filter>MBMatchMonitor</Filter>
    </ClCompile>
    <ClCompile Include="MBMatchGameOnAuth.cpp">
      <Filter>GameOn</Filter>
    </ClCompile>
  </ItemGroup>
  <ItemGroup>
    <ClInclude Include="ChildFrm.h">
      <Filter>MFCFramework</Filter>
    </ClInclude>
    <ClInclude Include="CommandLogView.h">
      <Filter>MFCFramework</Filter>
    </ClInclude>
    <ClInclude Include="MainFrm.h">
      <Filter>MFCFramework</Filter>
    </ClInclude>
    <ClInclude Include="MatchServer.h">
      <Filter>MFCFramework</Filter>
    </ClInclude>
    <ClInclude Include="MatchServerDoc.h">
      <Filter>MFCFramework</Filter>
    </ClInclude>
    <ClInclude Include="MatchServerView.h">
      <Filter>MFCFramework</Filter>
    </ClInclude>
    <ClInclude Include="OutputView.h">
      <Filter>MFCFramework</Filter>
    </ClInclude>
    <ClInclude Include="Resource.h">
      <Filter>MFCFramework</Filter>
    </ClInclude>
    <ClInclude Include="stdafx.h">
      <Filter>MFCFramework</Filter>
    </ClInclude>
    <ClInclude Include="TrayIcon.h">
      <Filter>MFCFramework</Filter>
    </ClInclude>
    <ClInclude Include="MBMatchServer.h">
      <Filter>Server</Filter>
    </ClInclude>
    <ClInclude Include="MBMatchServerConfigReloader.h">
      <Filter>Server</Filter>
    </ClInclude>
    <ClInclude Include="MBMatchAsyncDBJob_BuyBountyItem.h">
      <Filter>Server\MBMatchAsync</Filter>
    </ClInclude>
    <ClInclude Include="MBMatchAsyncDBJob_GambleItem.h">
      <Filter>Server\MBMatchAsync</Filter>
    </ClInclude>
    <ClInclude Include="MBMatchAsyncDBJob_GambleQuestItem.h">
      <Filter>Server\MBMatchAsync</Filter>
    </ClInclude>
    <ClInclude Include="MBMatchAsyncDBJob_GameOnLogin.h">
      <Filter>Server\MBMatchAsync</Filter>
    </ClInclude>
    <ClInclude Include="MBMatchAsyncDBJob_NetmarbleLogin.h">
      <Filter>Server\MBMatchAsync</Filter>
    </ClInclude>
    <ClInclude Include="MBMatchAsyncDBJob_NHNLogin.h">
      <Filter>Server\MBMatchAsync</Filter>
    </ClInclude>
    <ClInclude Include="MBMatchAsyncDBJob_SellItem.h">
      <Filter>Server\MBMatchAsync</Filter>
    </ClInclude>
    <ClInclude Include="MBMatchAsyncDBJob_TakeoffItem.h">
      <Filter>Server\MBMatchAsync</Filter>
    </ClInclude>
    <ClInclude Include="MBMatchAsyncDBJob_UpdateCharLevel.h">
      <Filter>Server\MBMatchAsync</Filter>
    </ClInclude>
    <ClInclude Include="MBMatchAsyncDBJob_UpdateCharPlayInfo.h">
      <Filter>Server\MBMatchAsync</Filter>
    </ClInclude>
    <ClInclude Include="MBMatchAsyncDBJob_UpdateEquipItem.h">
      <Filter>Server\MBMatchAsync</Filter>
    </ClInclude>
    <ClInclude Include="MBMatchAsyncJob_GetCpuInfo.h">
      <Filter>Server\MBMatchAsync</Filter>
    </ClInclude>
    <ClInclude Include="MBMatchAsyncDBJob_BringAccountItem.h">
      <Filter>Server\MBMatchAsync\AccountItem</Filter>
    </ClInclude>
    <ClInclude Include="MBMatchAsyncDBJob_BringAccountItemStackable.h">
      <Filter>Server\MBMatchAsync\AccountItem</Filter>
    </ClInclude>
    <ClInclude Include="MBMatchAsyncDBJob_BringBackAccountItem.h">
      <Filter>Server\MBMatchAsync\AccountItem</Filter>
    </ClInclude>
    <ClInclude Include="MBMatchAsyncDBJob_BringBackAccountItemStackable.h">
      <Filter>Server\MBMatchAsync\AccountItem</Filter>
    </ClInclude>
    <ClInclude Include="MBMatchTest.h">
      <Filter>Server\Test</Filter>
    </ClInclude>
    <ClInclude Include="TestCRC32Resource.h">
      <Filter>Server\Test\TestResourceCRC32Cache</Filter>
    </ClInclude>
    <ClInclude Include="TestCRC32Server.h">
      <Filter>Server\Test\TestResourceCRC32Cache</Filter>
    </ClInclude>
    <ClInclude Include="TestCRCNetModule.h">
      <Filter>Server\Test\TestResourceCRC32Cache</Filter>
    </ClInclude>
    <ClInclude Include="TestCRCPlayer.h">
      <Filter>Server\Test\TestResourceCRC32Cache</Filter>
    </ClInclude>
    <ClInclude Include="TestCRCStage.h">
      <Filter>Server\Test\TestResourceCRC32Cache</Filter>
    </ClInclude>
    <ClInclude Include="TestResourceCRC32Cache_ServerClient.h">
      <Filter>Server\Test\TestResourceCRC32Cache</Filter>
    </ClInclude>
    <ClInclude Include="MBMatchNetmarbleBilling.h">
      <Filter>Netmarble\Billing</Filter>
    </ClInclude>
    <ClInclude Include="Netmarble\CPSSOLib.h">
      <Filter>Netmarble\Login</Filter>
    </ClInclude>
    <ClInclude Include="MBMatchAuth.h">
      <Filter>Netmarble\Login</Filter>
    </ClInclude>
    <ClInclude Include="Netmarble\NMAuthLib.h">
      <Filter>Netmarble\Login</Filter>
    </ClInclude>
    <ClInclude Include="MBMatchXTrapCC.h">
      <Filter>XTrap</Filter>
    </ClInclude>
    <ClInclude Include="XTrap\Xtrap_S_Interface.h">
      <Filter>XTrap</Filter>
    </ClInclude>
    <ClInclude Include="HShield\AntiCpSvrFunc.h">
      <Filter>HShield</Filter>
    </ClInclude>
    <ClInclude Include="nhn\HanAuthForSvr.h">
      <Filter>NHN_USA</Filter>
    </ClInclude>
    <ClInclude Include="nhn\HanRTA.h">
      <Filter>NHN_USA</Filter>
    </ClInclude>
    <ClInclude Include="MBMatchNHNAuth.h">
      <Filter>NHN_USA</Filter>
    </ClInclude>
    <ClInclude Include="MBMatchNHNRTA.h">
      <Filter>NHN_USA</Filter>
    </ClInclude>
    <ClInclude Include="GameGuard\ggerror.h">
      <Filter>GameGuard</Filter>
    </ClInclude>
    <ClInclude Include="GameGuard\ggsrv.h">
      <Filter>GameGuard</Filter>
    </ClInclude>
    <ClInclude Include="MBMatchGameGuard.h">
      <Filter>GameGuard</Filter>
    </ClInclude>
    <ClInclude Include="MBMatchGGSvrRef.h">
      <Filter>GameGuard</Filter>
    </ClInclude>
    <ClInclude Include="MBMatchSecurity.h">
      <Filter>Security</Filter>
    </ClInclude>
    <ClInclude Include="MBMatchUserSecurityInfo.h">
      <Filter>Security</Filter>
    </ClInclude>
    <ClInclude Include="MBMatchAttackerVictimPair.h">
      <Filter>Security\Hack</Filter>
    </ClInclude>
    <ClInclude Include="MBMatchKillTracker.h">
      <Filter>Security\Hack</Filter>
    </ClInclude>
    <ClInclude Include="MBMatchMonitor.h">
      <Filter>MBMatchMonitor</Filter>
    </ClInclude>
    <ClInclude Include="MBMatchMonitorCommunicator.h">
      <Filter>MBMatchMonitor</Filter>
    </ClInclude>
    <ClInclude Include="MBMatchMonitorXml.h">
      <Filter>MBMatchMonitor</Filter>
    </ClInclude>
    <ClInclude Include="MBMatchSystemInfo.h">
      <Filter>MBMatchMonitor</Filter>
    </ClInclude>
    <ClInclude Include="GameOn\GCCertificationHelper.h">
      <Filter>GameOn</Filter>
    </ClInclude>
    <ClInclude Include="MBMatchGameOnAuth.h">
      <Filter>GameOn</Filter>
    </ClInclude>
    <ClInclude Include="VersionNo.h" />
  </ItemGroup>
  <ItemGroup>
    <None Include="res\MatchServer.ico">
      <Filter>MFCFramework</Filter>
    </None>
    <None Include="res\MatchServer.rc2">
      <Filter>MFCFramework</Filter>
    </None>
    <None Include="res\MatchServerDoc.ico">
      <Filter>MFCFramework</Filter>
    </None>
    <None Include="ReadMe.txt">
      <Filter>MFCFramework</Filter>
    </None>
    <None Include="res\Toolbar.bmp">
      <Filter>MFCFramework</Filter>
    </None>
  </ItemGroup>
  <ItemGroup>
    <Manifest Include="res\MatchServer.manifest">
      <Filter>MFCFramework</Filter>
    </Manifest>
  </ItemGroup>
  <ItemGroup>
    <ResourceCompile Include="MatchServer.rc">
      <Filter>MFCFramework</Filter>
    </ResourceCompile>
  </ItemGroup>
  <ItemGroup>
    <Library Include="Netmarble\CPSSOLib.lib">
      <Filter>Netmarble\Login</Filter>
    </Library>
    <Library Include="HShield\AntiCpSvr.lib">
      <Filter>HShield</Filter>
    </Library>
    <Library Include="nhn\HanAuthForSvr.lib">
      <Filter>NHN_USA</Filter>
    </Library>
    <Library Include="nhn\HanAuthForSvrD.lib">
      <Filter>NHN_USA</Filter>
    </Library>
    <Library Include="nhn\HanRTA.lib">
      <Filter>NHN_USA</Filter>
    </Library>
    <Library Include="nhn\HanRTAD.lib">
      <Filter>NHN_USA</Filter>
    </Library>
    <Library Include="GameGuard\ggsrvlib25_MT.lib">
      <Filter>GameGuard</Filter>
    </Library>
  </ItemGroup>
</Project>